
Microsoft Visual Studio Solution File, Format Version 12.00
# Visual Studio Version 17
VisualStudioVersion = 17.5.002.0
MinimumVisualStudioVersion = 10.0.40219.1
Project("{9A19103F-16F7-4668-BE54-9A1E7A4F7556}") = "CalculatR", "CalculatR.csproj", "{6884D3B9-38C8-4A40-BF21-3FB2BD241071}"
EndProject
Global
	GlobalSection(SolutionConfigurationPlatforms) = preSolution
		Debug|Any CPU = Debug|Any CPU
		Release|Any CPU = Release|Any CPU
	EndGlobalSection
	GlobalSection(ProjectConfigurationPlatforms) = postSolution
		{6884D3B9-38C8-4A40-BF21-3FB2BD241071}.Debug|Any CPU.ActiveCfg = Debug|Any CPU
		{6884D3B9-38C8-4A40-BF21-3FB2BD241071}.Debug|Any CPU.Build.0 = Debug|Any CPU
		{6884D3B9-38C8-4A40-BF21-3FB2BD241071}.Release|Any CPU.ActiveCfg = Release|Any CPU
		{6884D3B9-38C8-4A40-BF21-3FB2BD241071}.Release|Any CPU.Build.0 = Release|Any CPU
	EndGlobalSection
	GlobalSection(SolutionProperties) = preSolution
		HideSolutionNode = FALSE
	EndGlobalSection
	GlobalSection(ExtensibilityGlobals) = postSolution
		SolutionGuid = {C11D2D60-76A3-4DD2-BC0B-6EC371B83AE1}
	EndGlobalSection
EndGlobal
